// !$*UTF8*$!
{
	archiveVersion = 1;
	classes = {
	};
	objectVersion = 48;
	objects = {

/* Begin PBXBuildFile section */
		17E1161A202AD4AC00EE7A52 /* AppDelegate.m in Sources */ = {isa = PBXBuildFile; fileRef = 17E11619202AD4AC00EE7A52 /* AppDelegate.m */; };
		17E1161D202AD4AC00EE7A52 /* ViewController.m in Sources */ = {isa = PBXBuildFile; fileRef = 17E1161C202AD4AC00EE7A52 /* ViewController.m */; };
		17E11620202AD4AC00EE7A52 /* Main.storyboard in Resources */ = {isa = PBXBuildFile; fileRef = 17E1161E202AD4AC00EE7A52 /* Main.storyboard */; };
		17E11622202AD4AC00EE7A52 /* Assets.xcassets in Resources */ = {isa = PBXBuildFile; fileRef = 17E11621202AD4AC00EE7A52 /* Assets.xcassets */; };
		17E11625202AD4AC00EE7A52 /* LaunchScreen.storyboard in Resources */ = {isa = PBXBuildFile; fileRef = 17E11623202AD4AC00EE7A52 /* LaunchScreen.storyboard */; };
		17E11628202AD4AC00EE7A52 /* main.m in Sources */ = {isa = PBXBuildFile; fileRef = 17E11627202AD4AC00EE7A52 /* main.m */; };
		17E11632202AD4AC00EE7A52 /* ASugarTests.m in Sources */ = {isa = PBXBuildFile; fileRef = 17E11631202AD4AC00EE7A52 /* ASugarTests.m */; };
		17E1163D202AD4AD00EE7A52 /* ASugarUITests.m in Sources */ = {isa = PBXBuildFile; fileRef = 17E1163C202AD4AD00EE7A52 /* ASugarUITests.m */; };
		17E11650202AD4C000EE7A52 /* BQLModel.m in Sources */ = {isa = PBXBuildFile; fileRef = 17E1164A202AD4C000EE7A52 /* BQLModel.m */; };
		17E11651202AD4C000EE7A52 /* Student.m in Sources */ = {isa = PBXBuildFile; fileRef = 17E1164D202AD4C000EE7A52 /* Student.m */; };
		17E11652202AD4C000EE7A52 /* NSObject+BQLHandle.m in Sources */ = {isa = PBXBuildFile; fileRef = 17E1164E202AD4C000EE7A52 /* NSObject+BQLHandle.m */; };
/* End PBXBuildFile section */

/* Begin PBXContainerItemProxy section */
		17E1162E202AD4AC00EE7A52 /* PBXContainerItemProxy */ = {
			isa = PBXContainerItemProxy;
			containerPortal = 17E1160D202AD4AC00EE7A52 /* Project object */;
			proxyType = 1;
			remoteGlobalIDString = 17E11614202AD4AC00EE7A52;
			remoteInfo = ASugar;
		};
		17E11639202AD4AD00EE7A52 /* PBXContainerItemProxy */ = {
			isa = PBXContainerItemProxy;
			containerPortal = 17E1160D202AD4AC00EE7A52 /* Project object */;
			proxyType = 1;
			remoteGlobalIDString = 17E11614202AD4AC00EE7A52;
			remoteInfo = ASugar;
		};
/* End PBXContainerItemProxy section */

/* Begin PBXFileReference section */
		17E11615202AD4AC00EE7A52 /* ASugar.app */ = {isa = PBXFileReference; explicitFileType = wrapper.application; includeInIndex = 0; path = ASugar.app; sourceTree = BUILT_PRODUCTS_DIR; };
		17E11618202AD4AC00EE7A52 /* AppDelegate.h */ = {isa = PBXFileReference; lastKnownFileType = sourcecode.c.h; path = AppDelegate.h; sourceTree = "<group>"; };
		17E11619202AD4AC00EE7A52 /* AppDelegate.m */ = {isa = PBXFileReference; lastKnownFileType = sourcecode.c.objc; path = AppDelegate.m; sourceTree = "<group>"; };
		17E1161B202AD4AC00EE7A52 /* ViewController.h */ = {isa = PBXFileReference; lastKnownFileType = sourcecode.c.h; path = ViewController.h; sourceTree = "<group>"; };
		17E1161C202AD4AC00EE7A52 /* ViewController.m */ = {isa = PBXFileReference; lastKnownFileType = sourcecode.c.objc; path = ViewController.m; sourceTree = "<group>"; };
		17E1161F202AD4AC00EE7A52 /* Base */ = {isa = PBXFileReference; lastKnownFileType = file.storyboard; name = Base; path = Base.lproj/Main.storyboard; sourceTree = "<group>"; };
		17E11621202AD4AC00EE7A52 /* Assets.xcassets */ = {isa = PBXFileReference; lastKnownFileType = folder.assetcatalog; path = Assets.xcassets; sourceTree = "<group>"; };
		17E11624202AD4AC00EE7A52 /* Base */ = {isa = PBXFileReference; lastKnownFileType = file.storyboard; name = Base; path = Base.lproj/LaunchScreen.storyboard; sourceTree = "<group>"; };
		17E11626202AD4AC00EE7A52 /* Info.plist */ = {isa = PBXFileReference; lastKnownFileType = text.plist.xml; path = Info.plist; sourceTree = "<group>"; };
		17E11627202AD4AC00EE7A52 /* main.m */ = {isa = PBXFileReference; lastKnownFileType = sourcecode.c.objc; path = main.m; sourceTree = "<group>"; };
		17E1162D202AD4AC00EE7A52 /* ASugarTests.xctest */ = {isa = PBXFileReference; explicitFileType = wrapper.cfbundle; includeInIndex = 0; path = ASugarTests.xctest; sourceTree = BUILT_PRODUCTS_DIR; };
		17E11631202AD4AC00EE7A52 /* ASugarTests.m */ = {isa = PBXFileReference; lastKnownFileType = sourcecode.c.objc; path = ASugarTests.m; sourceTree = "<group>"; };
		17E11633202AD4AD00EE7A52 /* Info.plist */ = {isa = PBXFileReference; lastKnownFileType = text.plist.xml; path = Info.plist; sourceTree = "<group>"; };
		17E11638202AD4AD00EE7A52 /* ASugarUITests.xctest */ = {isa = PBXFileReference; explicitFileType = wrapper.cfbundle; includeInIndex = 0; path = ASugarUITests.xctest; sourceTree = BUILT_PRODUCTS_DIR; };
		17E1163C202AD4AD00EE7A52 /* ASugarUITests.m */ = {isa = PBXFileReference; lastKnownFileType = sourcecode.c.objc; path = ASugarUITests.m; sourceTree = "<group>"; };
		17E1163E202AD4AD00EE7A52 /* Info.plist */ = {isa = PBXFileReference; lastKnownFileType = text.plist.xml; path = Info.plist; sourceTree = "<group>"; };
		17E1164A202AD4C000EE7A52 /* BQLModel.m */ = {isa = PBXFileReference; fileEncoding = 4; lastKnownFileType = sourcecode.c.objc; path = BQLModel.m; sourceTree = "<group>"; };
		17E1164B202AD4C000EE7A52 /* NSObject+BQLHandle.h */ = {isa = PBXFileReference; fileEncoding = 4; lastKnownFileType = sourcecode.c.h; path = "NSObject+BQLHandle.h"; sourceTree = "<group>"; };
		17E1164C202AD4C000EE7A52 /* BQLModel.h */ = {isa = PBXFileReference; fileEncoding = 4; lastKnownFileType = sourcecode.c.h; path = BQLModel.h; sourceTree = "<group>"; };
		17E1164D202AD4C000EE7A52 /* Student.m */ = {isa = PBXFileReference; fileEncoding = 4; lastKnownFileType = sourcecode.c.objc; path = Student.m; sourceTree = "<group>"; };
		17E1164E202AD4C000EE7A52 /* NSObject+BQLHandle.m */ = {isa = PBXFileReference; fileEncoding = 4; lastKnownFileType = sourcecode.c.objc; path = "NSObject+BQLHandle.m"; sourceTree = "<group>"; };
		17E1164F202AD4C000EE7A52 /* Student.h */ = {isa = PBXFileReference; fileEncoding = 4; lastKnownFileType = sourcecode.c.h; path = Student.h; sourceTree = "<group>"; };
/* End PBXFileReference section */

/* Begin PBXFrameworksBuildPhase section */
		17E11612202AD4AC00EE7A52 /* Frameworks */ = {
			isa = PBXFrameworksBuildPhase;
			buildActionMask = 2147483647;
			files = (
			);
			runOnlyForDeploymentPostprocessing = 0;
		};
		17E1162A202AD4AC00EE7A52 /* Frameworks */ = {
			isa = PBXFrameworksBuildPhase;
			buildActionMask = 2147483647;
			files = (
			);
			runOnlyForDeploymentPostprocessing = 0;
		};
		17E11635202AD4AD00EE7A52 /* Frameworks */ = {
			isa = PBXFrameworksBuildPhase;
			buildActionMask = 2147483647;
			files = (
			);
			runOnlyForDeploymentPostprocessing = 0;
		};
/* End PBXFrameworksBuildPhase section */

/* Begin PBXGroup section */
		17E1160C202AD4AC00EE7A52 = {
			isa = PBXGroup;
			children = (
				17E11617202AD4AC00EE7A52 /* ASugar */,
				17E11630202AD4AC00EE7A52 /* ASugarTests */,
				17E1163B202AD4AD00EE7A52 /* ASugarUITests */,
				17E11616202AD4AC00EE7A52 /* Products */,
			);
			sourceTree = "<group>";
		};
		17E11616202AD4AC00EE7A52 /* Products */ = {
			isa = PBXGroup;
			children = (
				17E11615202AD4AC00EE7A52 /* ASugar.app */,
				17E1162D202AD4AC00EE7A52 /* ASugarTests.xctest */,
				17E11638202AD4AD00EE7A52 /* ASugarUITests.xctest */,
			);
			name = Products;
			sourceTree = "<group>";
		};
		17E11617202AD4AC00EE7A52 /* ASugar */ = {
			isa = PBXGroup;
			children = (
				17E1164C202AD4C000EE7A52 /* BQLModel.h */,
				17E1164A202AD4C000EE7A52 /* BQLModel.m */,
				17E1164B202AD4C000EE7A52 /* NSObject+BQLHandle.h */,
				17E1164E202AD4C000EE7A52 /* NSObject+BQLHandle.m */,
				17E1164F202AD4C000EE7A52 /* Student.h */,
				17E1164D202AD4C000EE7A52 /* Student.m */,
				17E11618202AD4AC00EE7A52 /* AppDelegate.h */,
				17E11619202AD4AC00EE7A52 /* AppDelegate.m */,
				17E1161B202AD4AC00EE7A52 /* ViewController.h */,
				17E1161C202AD4AC00EE7A52 /* ViewController.m */,
				17E1161E202AD4AC00EE7A52 /* Main.storyboard */,
				17E11621202AD4AC00EE7A52 /* Assets.xcassets */,
				17E11623202AD4AC00EE7A52 /* LaunchScreen.storyboard */,
				17E11626202AD4AC00EE7A52 /* Info.plist */,
				17E11627202AD4AC00EE7A52 /* main.m */,
			);
			path = ASugar;
			sourceTree = "<group>";
		};
		17E11630202AD4AC00EE7A52 /* ASugarTests */ = {
			isa = PBXGroup;
			children = (
				17E11631202AD4AC00EE7A52 /* ASugarTests.m */,
				17E11633202AD4AD00EE7A52 /* Info.plist */,
			);
			path = ASugarTests;
			sourceTree = "<group>";
		};
		17E1163B202AD4AD00EE7A52 /* ASugarUITests */ = {
			isa = PBXGroup;
			children = (
				17E1163C202AD4AD00EE7A52 /* ASugarUITests.m */,
				17E1163E202AD4AD00EE7A52 /* Info.plist */,
			);
			path = ASugarUITests;
			sourceTree = "<group>";
		};
/* End PBXGroup section */

/* Begin PBXNativeTarget section */
		17E11614202AD4AC00EE7A52 /* ASugar */ = {
			isa = PBXNativeTarget;
			buildConfigurationList = 17E11641202AD4AD00EE7A52 /* Build configuration list for PBXNativeTarget "ASugar" */;
			buildPhases = (
				17E11611202AD4AC00EE7A52 /* Sources */,
				17E11612202AD4AC00EE7A52 /* Frameworks */,
				17E11613202AD4AC00EE7A52 /* Resources */,
			);
			buildRules = (
			);
			dependencies = (
			);
			name = ASugar;
			productName = ASugar;
			productReference = 17E11615202AD4AC00EE7A52 /* ASugar.app */;
			productType = "com.apple.product-type.application";
		};
		17E1162C202AD4AC00EE7A52 /* ASugarTests */ = {
			isa = PBXNativeTarget;
			buildConfigurationList = 17E11644202AD4AD00EE7A52 /* Build configuration list for PBXNativeTarget "ASugarTests" */;
			buildPhases = (
				17E11629202AD4AC00EE7A52 /* Sources */,
				17E1162A202AD4AC00EE7A52 /* Frameworks */,
				17E1162B202AD4AC00EE7A52 /* Resources */,
			);
			buildRules = (
			);
			dependencies = (
				17E1162F202AD4AC00EE7A52 /* PBXTargetDependency */,
			);
			name = ASugarTests;
			productName = ASugarTests;
			productReference = 17E1162D202AD4AC00EE7A52 /* ASugarTests.xctest */;
			productType = "com.apple.product-type.bundle.unit-test";
		};
		17E11637202AD4AD00EE7A52 /* ASugarUITests */ = {
			isa = PBXNativeTarget;
			buildConfigurationList = 17E11647202AD4AD00EE7A52 /* Build configuration list for PBXNativeTarget "ASugarUITests" */;
			buildPhases = (
				17E11634202AD4AD00EE7A52 /* Sources */,
				17E11635202AD4AD00EE7A52 /* Frameworks */,
				17E11636202AD4AD00EE7A52 /* Resources */,
			);
			buildRules = (
			);
			dependencies = (
				17E1163A202AD4AD00EE7A52 /* PBXTargetDependency */,
			);
			name = ASugarUITests;
			productName = ASugarUITests;
			productReference = 17E11638202AD4AD00EE7A52 /* ASugarUITests.xctest */;
			productType = "com.apple.product-type.bundle.ui-testing";
		};
/* End PBXNativeTarget section */

/* Begin PBXProject section */
		17E1160D202AD4AC00EE7A52 /* Project object */ = {
			isa = PBXProject;
			attributes = {
				LastUpgradeCheck = 0920;
				ORGANIZATIONNAME = biqinglin;
				TargetAttributes = {
					17E11614202AD4AC00EE7A52 = {
						CreatedOnToolsVersion = 9.2;
						ProvisioningStyle = Automatic;
					};
					17E1162C202AD4AC00EE7A52 = {
						CreatedOnToolsVersion = 9.2;
						ProvisioningStyle = Automatic;
						TestTargetID = 17E11614202AD4AC00EE7A52;
					};
					17E11637202AD4AD00EE7A52 = {
						CreatedOnToolsVersion = 9.2;
						ProvisioningStyle = Automatic;
						TestTargetID = 17E11614202AD4AC00EE7A52;
					};
				};
			};
			buildConfigurationList = 17E11610202AD4AC00EE7A52 /* Build configuration list for PBXProject "ASugar" */;
			compatibilityVersion = "Xcode 8.0";
			developmentRegion = en;
			hasScannedForEncodings = 0;
			knownRegions = (
				en,
				Base,
			);
			mainGroup = 17E1160C202AD4AC00EE7A52;
			productRefGroup = 17E11616202AD4AC00EE7A52 /* Products */;
			projectDirPath = "";
			projectRoot = "";
			targets = (
				17E11614202AD4AC00EE7A52 /* ASugar */,
				17E1162C202AD4AC00EE7A52 /* ASugarTests */,
				17E11637202AD4AD00EE7A52 /* ASugarUITests */,
			);
		};
/* End PBXProject section */

/* Begin PBXResourcesBuildPhase section */
		17E11613202AD4AC00EE7A52 /* Resources */ = {
			isa = PBXResourcesBuildPhase;
			buildActionMask = 2147483647;
			files = (
				17E11625202AD4AC00EE7A52 /* LaunchScreen.storyboard in Resources */,
				17E11622202AD4AC00EE7A52 /* Assets.xcassets in Resources */,
				17E11620202AD4AC00EE7A52 /* Main.storyboard in Resources */,
			);
			runOnlyForDeploymentPostprocessing = 0;
		};
		17E1162B202AD4AC00EE7A52 /* Resources */ = {
			isa = PBXResourcesBuildPhase;
			buildActionMask = 2147483647;
			files = (
			);
			runOnlyForDeploymentPostprocessing = 0;
		};
		17E11636202AD4AD00EE7A52 /* Resources */ = {
			isa = PBXResourcesBuildPhase;
			buildActionMask = 2147483647;
			files = (
			);
			runOnlyForDeploymentPostprocessing = 0;
		};
/* End PBXResourcesBuildPhase section */

/* Begin PBXSourcesBuildPhase section */
		17E11611202AD4AC00EE7A52 /* Sources */ = {
			isa = PBXSourcesBuildPhase;
			buildActionMask = 2147483647;
			files = (
				17E1161D202AD4AC00EE7A52 /* ViewController.m in Sources */,
				17E11650202AD4C000EE7A52 /* BQLModel.m in Sources */,
				17E11651202AD4C000EE7A52 /* Student.m in Sources */,
				17E11628202AD4AC00EE7A52 /* main.m in Sources */,
				17E1161A202AD4AC00EE7A52 /* AppDelegate.m in Sources */,
				17E11652202AD4C000EE7A52 /* NSObject+BQLHandle.m in Sources */,
			);
			runOnlyForDeploymentPostprocessing = 0;
		};
		17E11629202AD4AC00EE7A52 /* Sources */ = {
			isa = PBXSourcesBuildPhase;
			buildActionMask = 2147483647;
			files = (
				17E11632202AD4AC00EE7A52 /* ASugarTests.m in Sources */,
			);
			runOnlyForDeploymentPostprocessing = 0;
		};
		17E11634202AD4AD00EE7A52 /* Sources */ = {
			isa = PBXSourcesBuildPhase;
			buildActionMask = 2147483647;
			files = (
				17E1163D202AD4AD00EE7A52 /* ASugarUITests.m in Sources */,
			);
			runOnlyForDeploymentPostprocessing = 0;
		};
/* End PBXSourcesBuildPhase section */

/* Begin PBXTargetDependency section */
		17E1162F202AD4AC00EE7A52 /* PBXTargetDependency */ = {
			isa = PBXTargetDependency;
			target = 17E11614202AD4AC00EE7A52 /* ASugar */;
			targetProxy = 17E1162E202AD4AC00EE7A52 /* PBXContainerItemProxy */;
		};
		17E1163A202AD4AD00EE7A52 /* PBXTargetDependency */ = {
			isa = PBXTargetDependency;
			target = 17E11614202AD4AC00EE7A52 /* ASugar */;
			targetProxy = 17E11639202AD4AD00EE7A52 /* PBXContainerItemProxy */;
		};
/* End PBXTargetDependency section */

/* Begin PBXVariantGroup section */
		17E1161E202AD4AC00EE7A52 /* Main.storyboard */ = {
			isa = PBXVariantGroup;
			children = (
				17E1161F202AD4AC00EE7A52 /* Base */,
			);
			name = Main.storyboard;
			sourceTree = "<group>";
		};
		17E11623202AD4AC00EE7A52 /* LaunchScreen.storyboard */ = {
			isa = PBXVariantGroup;
			children = (
				17E11624202AD4AC00EE7A52 /* Base */,
			);
			name = LaunchScreen.storyboard;
			sourceTree = "<group>";
		};
/* End PBXVariantGroup section */

/* Begin XCBuildConfiguration section */
		17E1163F202AD4AD00EE7A52 /* Debug */ = {
			isa = XCBuildConfiguration;
			buildSettings = {
				ALWAYS_SEARCH_USER_PATHS = NO;
				CLANG_ANALYZER_NONNULL = YES;
				CLANG_ANALYZER_NUMBER_OBJECT_CONVERSION = YES_AGGRESSIVE;
				CLANG_CXX_LANGUAGE_STANDARD = "gnu++14";
				CLANG_CXX_LIBRARY = "libc++";
				CLANG_ENABLE_MODULES = YES;
				CLANG_ENABLE_OBJC_ARC = YES;
				CLANG_WARN_BLOCK_CAPTURE_AUTORELEASING = YES;
				CLANG_WARN_BOOL_CONVERSION = YES;
				CLANG_WARN_COMMA = YES;
				CLANG_WARN_CONSTANT_CONVERSION = YES;
				CLANG_WARN_DIRECT_OBJC_ISA_USAGE = YES_ERROR;
				CLANG_WARN_DOCUMENTATION_COMMENTS = YES;
				CLANG_WARN_EMPTY_BODY = YES;
				CLANG_WARN_ENUM_CONVERSION = YES;
				CLANG_WARN_INFINITE_RECURSION = YES;
				CLANG_WARN_INT_CONVERSION = YES;
				CLANG_WARN_NON_LITERAL_NULL_CONVERSION = YES;
				CLANG_WARN_OBJC_LITERAL_CONVERSION = YES;
				CLANG_WARN_OBJC_ROOT_CLASS = YES_ERROR;
				CLANG_WARN_RANGE_LOOP_ANALYSIS = YES;
				CLANG_WARN_STRICT_PROTOTYPES = YES;
				CLANG_WARN_SUSPICIOUS_MOVE = YES;
				CLANG_WARN_UNGUARDED_AVAILABILITY = YES_AGGRESSIVE;
				CLANG_WARN_UNREACHABLE_CODE = YES;
				CLANG_WARN__DUPLICATE_METHOD_MATCH = YES;
				CODE_SIGN_IDENTITY = "iPhone Developer";
				COPY_PHASE_STRIP = NO;
				DEBUG_INFORMATION_FORMAT = dwarf;
				ENABLE_STRICT_OBJC_MSGSEND = YES;
				ENABLE_TESTABILITY = YES;
				GCC_C_LANGUAGE_STANDARD = gnu11;
				GCC_DYNAMIC_NO_PIC = NO;
				GCC_NO_COMMON_BLOCKS = YES;
				GCC_OPTIMIZATION_LEVEL = 0;
				GCC_PREPROCESSOR_DEFINITIONS = (
					"DEBUG=1",
					"$(inherited)",
				);
				GCC_WARN_64_TO_32_BIT_CONVERSION = YES;
				GCC_WARN_ABOUT_RETURN_TYPE = YES_ERROR;
				GCC_WARN_UNDECLARED_SELECTOR = YES;
				GCC_WARN_UNINITIALIZED_AUTOS = YES_AGGRESSIVE;
				GCC_WARN_UNUSED_FUNCTION = YES;
				GCC_WARN_UNUSED_VARIABLE = YES;
				IPHONEOS_DEPLOYMENT_TARGET = 11.2;
				MTL_ENABLE_DEBUG_INFO = YES;
				ONLY_ACTIVE_ARCH = YES;
				SDKROOT = iphoneos;
			};
			name = Debug;
		};
		17E11640202AD4AD00EE7A52 /* Release */ = {
			isa = XCBuildConfiguration;
			buildSettings = {
				ALWAYS_SEARCH_USER_PATHS = NO;
				CLANG_ANALYZER_NONNULL = YES;
				CLANG_ANALYZER_NUMBER_OBJECT_CONVERSION = YES_AGGRESSIVE;
				CLANG_CXX_LANGUAGE_STANDARD = "gnu++14";
				CLANG_CXX_LIBRARY = "libc++";
				CLANG_ENABLE_MODULES = YES;
				CLANG_ENABLE_OBJC_ARC = YES;
				CLANG_WARN_BLOCK_CAPTURE_AUTORELEASING = YES;
				CLANG_WARN_BOOL_CONVERSION = YES;
				CLANG_WARN_COMMA = YES;
				CLANG_WARN_CONSTANT_CONVERSION = YES;
				CLANG_WARN_DIRECT_OBJC_ISA_USAGE = YES_ERROR;
				CLANG_WARN_DOCUMENTATION_COMMENTS = YES;
				CLANG_WARN_EMPTY_BODY = YES;
				CLANG_WARN_ENUM_CONVERSION = YES;
				CLANG_WARN_INFINITE_RECURSION = YES;
				CLANG_WARN_INT_CONVERSION = YES;
				CLANG_WARN_NON_LITERAL_NULL_CONVERSION = YES;
				CLANG_WARN_OBJC_LITERAL_CONVERSION = YES;
				CLANG_WARN_OBJC_ROOT_CLASS = YES_ERROR;
				CLANG_WARN_RANGE_LOOP_ANALYSIS = YES;
				CLANG_WARN_STRICT_PROTOTYPES = YES;
				CLANG_WARN_SUSPICIOUS_MOVE = YES;
				CLANG_WARN_UNGUARDED_AVAILABILITY = YES_AGGRESSIVE;
				CLANG_WARN_UNREACHABLE_CODE = YES;
				CLANG_WARN__DUPLICATE_METHOD_MATCH = YES;
				CODE_SIGN_IDENTITY = "iPhone Developer";
				COPY_PHASE_STRIP = NO;
				DEBUG_INFORMATION_FORMAT = "dwarf-with-dsym";
				ENABLE_NS_ASSERTIONS = NO;
				ENABLE_STRICT_OBJC_MSGSEND = YES;
				GCC_C_LANGUAGE_STANDARD = gnu11;
				GCC_NO_COMMON_BLOCKS = YES;
				GCC_WARN_64_TO_32_BIT_CONVERSION = YES;
				GCC_WARN_ABOUT_RETURN_TYPE = YES_ERROR;
				GCC_WARN_UNDECLARED_SELECTOR = YES;
				GCC_WARN_UNINITIALIZED_AUTOS = YES_AGGRESSIVE;
				GCC_WARN_UNUSED_FUNCTION = YES;
				GCC_WARN_UNUSED_VARIABLE = YES;
				IPHONEOS_DEPLOYMENT_TARGET = 11.2;
				MTL_ENABLE_DEBUG_INFO = NO;
				SDKROOT = iphoneos;
				VALIDATE_PRODUCT = YES;
			};
			name = Release;
		};
		17E11642202AD4AD00EE7A52 /* Debug */ = {
			isa = XCBuildConfiguration;
			buildSettings = {
				ASSETCATALOG_COMPILER_APPICON_NAME = AppIcon;
				CODE_SIGN_STYLE = Automatic;
				INFOPLIST_FILE = ASugar/Info.plist;
				LD_RUNPATH_SEARCH_PATHS = "$(inherited) @executable_path/Frameworks";
				PRODUCT_BUNDLE_IDENTIFIER = com.biqinglin.ASugar;
				PRODUCT_NAME = "$(TARGET_NAME)";
				TARGETED_DEVICE_FAMILY = "1,2";
			};
			name = Debug;
		};
		17E11643202AD4AD00EE7A52 /* Release */ = {
			isa = XCBuildConfiguration;
			buildSettings = {
				ASSETCATALOG_COMPILER_APPICON_NAME = AppIcon;
				CODE_SIGN_STYLE = Automatic;
				INFOPLIST_FILE = ASugar/Info.plist;
				LD_RUNPATH_SEARCH_PATHS = "$(inherited) @executable_path/Frameworks";
				PRODUCT_BUNDLE_IDENTIFIER = com.biqinglin.ASugar;
				PRODUCT_NAME = "$(TARGET_NAME)";
				TARGETED_DEVICE_FAMILY = "1,2";
			};
			name = Release;
		};
		17E11645202AD4AD00EE7A52 /* Debug */ = {
			isa = XCBuildConfiguration;
			buildSettings = {
				BUNDLE_LOADER = "$(TEST_HOST)";
				CODE_SIGN_STYLE = Automatic;
				INFOPLIST_FILE = ASugarTests/Info.plist;
				LD_RUNPATH_SEARCH_PATHS = "$(inherited) @executable_path/Frameworks @loader_path/Frameworks";
				PRODUCT_BUNDLE_IDENTIFIER = com.biqinglin.ASugarTests;
				PRODUCT_NAME = "$(TARGET_NAME)";
				TARGETED_DEVICE_FAMILY = "1,2";
				TEST_HOST = "$(BUILT_PRODUCTS_DIR)/ASugar.app/ASugar";
			};
			name = Debug;
		};
		17E11646202AD4AD00EE7A52 /* Release */ = {
			isa = XCBuildConfiguration;
			buildSettings = {
				BUNDLE_LOADER = "$(TEST_HOST)";
				CODE_SIGN_STYLE = Automatic;
				INFOPLIST_FILE = ASugarTests/Info.plist;
				LD_RUNPATH_SEARCH_PATHS = "$(inherited) @executable_path/Frameworks @loader_path/Frameworks";
				PRODUCT_BUNDLE_IDENTIFIER = com.biqinglin.ASugarTests;
				PRODUCT_NAME = "$(TARGET_NAME)";
				TARGETED_DEVICE_FAMILY = "1,2";
				TEST_HOST = "$(BUILT_PRODUCTS_DIR)/ASugar.app/ASugar";
			};
			name = Release;
		};
		17E11648202AD4AD00EE7A52 /* Debug */ = {
			isa = XCBuildConfiguration;
			buildSettings = {
				CODE_SIGN_STYLE = Automatic;
				INFOPLIST_FILE = ASugarUITests/Info.plist;
				LD_RUNPATH_SEARCH_PATHS = "$(inherited) @executable_path/Frameworks @loader_path/Frameworks";
				PRODUCT_BUNDLE_IDENTIFIER = com.biqinglin.ASugarUITests;
				PRODUCT_NAME = "$(TARGET_NAME)";
				TARGETED_DEVICE_FAMILY = "1,2";
				TEST_TARGET_NAME = ASugar;
			};
			name = Debug;
		};
		17E11649202AD4AD00EE7A52 /* Release */ = {
			isa = XCBuildConfiguration;
			buildSettings = {
				CODE_SIGN_STYLE = Automatic;
				INFOPLIST_FILE = ASugarUITests/Info.plist;
				LD_RUNPATH_SEARCH_PATHS = "$(inherited) @executable_path/Frameworks @loader_path/Frameworks";
				PRODUCT_BUNDLE_IDENTIFIER = com.biqinglin.ASugarUITests;
				PRODUCT_NAME = "$(TARGET_NAME)";
				TARGETED_DEVICE_FAMILY = "1,2";
				TEST_TARGET_NAME = ASugar;
			};
			name = Release;
		};
/* End XCBuildConfiguration section */

/* Begin XCConfigurationList section */
		17E11610202AD4AC00EE7A52 /* Build configuration list for PBXProject "ASugar" */ = {
			isa = XCConfigurationList;
			buildConfigurations = (
				17E1163F202AD4AD00EE7A52 /* Debug */,
				17E11640202AD4AD00EE7A52 /* Release */,
			);
			defaultConfigurationIsVisible = 0;
			defaultConfigurationName = Release;
		};
		17E11641202AD4AD00EE7A52 /* Build configuration list for PBXNativeTarget "ASugar" */ = {
			isa = XCConfigurationList;
			buildConfigurations = (
				17E11642202AD4AD00EE7A52 /* Debug */,
				17E11643202AD4AD00EE7A52 /* Release */,
			);
			defaultConfigurationIsVisible = 0;
			defaultConfigurationName = Release;
		};
		17E11644202AD4AD00EE7A52 /* Build configuration list for PBXNativeTarget "ASugarTests" */ = {
			isa = XCConfigurationList;
			buildConfigurations = (
				17E11645202AD4AD00EE7A52 /* Debug */,
				17E11646202AD4AD00EE7A52 /* Release */,
			);
			defaultConfigurationIsVisible = 0;
			defaultConfigurationName = Release;
		};
		17E11647202AD4AD00EE7A52 /* Build configuration list for PBXNativeTarget "ASugarUITests" */ = {
			isa = XCConfigurationList;
			buildConfigurations = (
				17E11648202AD4AD00EE7A52 /* Debug */,
				17E11649202AD4AD00EE7A52 /* Release */,
			);
			defaultConfigurationIsVisible = 0;
			defaultConfigurationName = Release;
		};
/* End XCConfigurationList section */
	};
	rootObject = 17E1160D202AD4AC00EE7A52 /* Project object */;
}
